
Microsoft Visual Studio Solution File, Format Version 12.00
# Visual Studio Version 16
VisualStudioVersion = 16.0.30523.141
MinimumVisualStudioVersion = 10.0.40219.1
Project("{2150E333-8FDC-42A3-9474-1A3956D46DE8}") = "Services", "Services", "{76F15948-68C2-447C-9C82-1357951729C2}"
EndProject
Project("{2150E333-8FDC-42A3-9474-1A3956D46DE8}") = "Catalog", "Catalog", "{5D02834E-C056-4D7D-8A34-CEE54681A89F}"
EndProject
Project("{FAE04EC0-301F-11D3-BF4B-00C04F79EFBC}") = "Catalog.API", "Services\Catalog\Catalog.API\Catalog.API.csproj", "{0086B6DF-F794-4810-A630-2ADCB3965732}"
EndProject
Global
	GlobalSection(SolutionConfigurationPlatforms) = preSolution
		Debug|Any CPU = Debug|Any CPU
		Release|Any CPU = Release|Any CPU
	EndGlobalSection
	GlobalSection(ProjectConfigurationPlatforms) = postSolution
		{0086B6DF-F794-4810-A630-2ADCB3965732}.Debug|Any CPU.ActiveCfg = Debug|Any CPU
		{0086B6DF-F794-4810-A630-2ADCB3965732}.Debug|Any CPU.Build.0 = Debug|Any CPU
		{0086B6DF-F794-4810-A630-2ADCB3965732}.Release|Any CPU.ActiveCfg = Release|Any CPU
		{0086B6DF-F794-4810-A630-2ADCB3965732}.Release|Any CPU.Build.0 = Release|Any CPU
	EndGlobalSection
	GlobalSection(SolutionProperties) = preSolution
		HideSolutionNode = FALSE
	EndGlobalSection
	GlobalSection(NestedProjects) = preSolution
		{5D02834E-C056-4D7D-8A34-CEE54681A89F} = {76F15948-68C2-447C-9C82-1357951729C2}
		{0086B6DF-F794-4810-A630-2ADCB3965732} = {5D02834E-C056-4D7D-8A34-CEE54681A89F}
	EndGlobalSection
	GlobalSection(ExtensibilityGlobals) = postSolution
		SolutionGuid = {351DFCC3-A853-4DC2-8945-A97304585DC9}
	EndGlobalSection
EndGlobal
